
Microsoft Visual Studio Solution File, Format Version 12.00
# Visual Studio Version 17
VisualStudioVersion = 17.14.36811.4 d17.14
MinimumVisualStudioVersion = 10.0.40219.1
Project("{FAE04EC0-301F-11D3-BF4B-00C04F79EFBC}") = "MsqlMcpServer", "MsqlMcpServer\MsqlMcpServer.csproj", "{80BC4C75-83A9-431B-A2AD-22C076B73DB3}"
EndProject
Global
	GlobalSection(SolutionConfigurationPlatforms) = preSolution
		Debug|Any CPU = Debug|Any CPU
		Release|Any CPU = Release|Any CPU
	EndGlobalSection
	GlobalSection(ProjectConfigurationPlatforms) = postSolution
		{80BC4C75-83A9-431B-A2AD-22C076B73DB3}.Debug|Any CPU.ActiveCfg = Debug|Any CPU
		{80BC4C75-83A9-431B-A2AD-22C076B73DB3}.Debug|Any CPU.Build.0 = Debug|Any CPU
		{80BC4C75-83A9-431B-A2AD-22C076B73DB3}.Release|Any CPU.ActiveCfg = Release|Any CPU
		{80BC4C75-83A9-431B-A2AD-22C076B73DB3}.Release|Any CPU.Build.0 = Release|Any CPU
	EndGlobalSection
	GlobalSection(SolutionProperties) = preSolution
		HideSolutionNode = FALSE
	EndGlobalSection
	GlobalSection(ExtensibilityGlobals) = postSolution
		SolutionGuid = {4D6F55B1-0DE7-45DA-B9F1-3A0E800EAAF3}
	EndGlobalSection
EndGlobal
